
Microsoft Visual Studio Solution File, Format Version 11.00
# Visual Studio 2010
Project("{FAE04EC0-301F-11D3-BF4B-00C04F79EFBC}") = "TestApp", "TestApp\TestApp.csproj", "{700772FA-458A-4899-BAAA-202F5C389291}"
EndProject
Global
	GlobalSection(SolutionConfigurationPlatforms) = preSolution
		Debug|x86 = Debug|x86
		Release|x86 = Release|x86
	EndGlobalSection
	GlobalSection(ProjectConfigurationPlatforms) = postSolution
		{700772FA-458A-4899-BAAA-202F5C389291}.Debug|x86.ActiveCfg = Debug|x86
		{700772FA-458A-4899-BAAA-202F5C389291}.Debug|x86.Build.0 = Debug|x86
		{700772FA-458A-4899-BAAA-202F5C389291}.Release|x86.ActiveCfg = Release|x86
		{700772FA-458A-4899-BAAA-202F5C389291}.Release|x86.Build.0 = Release|x86
	EndGlobalSection
	GlobalSection(SolutionProperties) = preSolution
		HideSolutionNode = FALSE
	EndGlobalSection
EndGlobal
